{
    "_meta": {
        "hash": {
            "sha256": "d3a0f9a045c26d35612f884fcae26d16bd4a79bad690916286d5ccd17678ec56"
        },
        "pipfile-spec": 6,
        "requires": {
            "python_version": "3.9"
        },
        "sources": [
            {
                "name": "pypi",
                "url": "https://pypi.org/simple",
                "verify_ssl": true
            }
        ]
    },
    "default": {
        "certifi": {
            "hashes": [
                "sha256:43dadad18a7f168740e66944e4fa82c6611848ff9056ad910f8f7a3e46ab89e0",
                "sha256:cffdcd380919da6137f76633531a5817e3a9f268575c128249fb637e4f9e73fb"
            ],
            "markers": "python_version >= '3.6'",
            "version": "==2022.6.15.1"
        },
        "charset-normalizer": {
            "hashes": [
                "sha256:5a3d016c7c547f69d6f81fb0db9449ce888b418b5b9952cc5e6e66843e9dd845",
                "sha256:83e9a75d1911279afd89352c68b45348559d1fc0506b054b346651b5e7fee29f"
            ],
            "markers": "python_version >= '3.6'",
            "version": "==2.1.1"
        },
        "idna": {
            "hashes": [
                "sha256:84d9dd047ffa80596e0f246e2eab0b391788b0503584e8945f2368256d2735ff",
                "sha256:9d643ff0a55b762d5cdb124b8eaa99c66322e2157b69160bc32796e824360e6d"
            ],
            "markers": "python_version >= '3.5'",
            "version": "==3.3"
        },
        "requests": {
            "hashes": [
                "sha256:7c5599b102feddaa661c826c56ab4fee28bfd17f5abca1ebbe3e7f19d7c97983",
                "sha256:8fefa2a1a1365bf5520aac41836fbee479da67864514bdb821f31ce07ce65349"
            ],
            "index": "pypi",
            "version": "==2.28.1"
        },
        "rpi-gpio": {
            "hashes": [
                "sha256:15311d3b063b71dee738cd26570effc9985a952454d162937c34e08c0fc99902",
                "sha256:26b2ade4bb353bbe5417a64e40b45cdf00a82f27c2d320c0dd46c59751959d77",
                "sha256:29226823da8b5ccb9001d795a944f2e00924eeae583490f0bc7317581172c624",
                "sha256:57b6c044ef5375a78c8dda27cdfadf329e76aa6943cd6cffbbbd345a9adf9ca5",
                "sha256:77afb817b81331ce3049a4b8f94a85e41b7c404d8e56b61ac0f1eb75c3120868",
                "sha256:96ea7e5bf6bf592828487bfa7d3d1d0e432d5d1682e9e33b4dab398914628fcd",
                "sha256:b86b66dc02faa5461b443a1e1f0c1d209d64ab5229696f32fb3b0215e0600c8c",
                "sha256:cd61c4b03c37b62bba4a5acfea9862749c33c618e0295e7e90aa4713fb373b70"
            ],
            "index": "pypi",
            "version": "==0.7.1"
        },
        "tomli": {
            "hashes": [
                "sha256:939de3e7a6161af0c887ef91b7d41a53e7c5a1ca976325f429cb46ea9bc30ecc",
                "sha256:de526c12914f0c550d15924c62d72abc48d6fe7364aa87328337a31007fe8a4f"
            ],
            "index": "pypi",
            "version": "==2.0.1"
        },
        "urllib3": {
            "hashes": [
                "sha256:3fa96cf423e6987997fc326ae8df396db2a8b7c667747d47ddd8ecba91f4a74e",
                "sha256:b930dd878d5a8afb066a637fbb35144fe7901e3b209d1cd4f524bd0e9deee997"
            ],
            "markers": "python_version >= '2.7' and python_version not in '3.0, 3.1, 3.2, 3.3, 3.4, 3.5' and python_version < '4'",
            "version": "==1.26.12"
        }
    },
    "develop": {}
}
